
Microsoft Visual Studio Solution File, Format Version 12.00
# Visual Studio 2012
Project("{f2a71f9b-5d33-465a-a702-920d77279786}") = "XFFsharpBase", "XFFsharpBase\XFFsharpBase.fsproj", "{94805720-8B60-49E4-AE52-CF3F5E041023}"
EndProject
Project("{f2a71f9b-5d33-465a-a702-920d77279786}") = "XFFsharpBase.iOS", "iOS\XFFsharpBase.iOS.fsproj", "{2933D654-335E-4E10-BDF2-629E04A3E9F6}"
EndProject
Project("{f2a71f9b-5d33-465a-a702-920d77279786}") = "XFFsharpBase.Droid", "Droid\XFFsharpBase.Droid.fsproj", "{3994CA41-9E54-4914-9CFE-F19821393022}"
EndProject
Global
	GlobalSection(SolutionConfigurationPlatforms) = preSolution
		Debug|Any CPU = Debug|Any CPU
		Release|Any CPU = Release|Any CPU
		Debug|iPhoneSimulator = Debug|iPhoneSimulator
		Release|iPhone = Release|iPhone
		Release|iPhoneSimulator = Release|iPhoneSimulator
		Debug|iPhone = Debug|iPhone
	EndGlobalSection
	GlobalSection(ProjectConfigurationPlatforms) = postSolution
		{94805720-8B60-49E4-AE52-CF3F5E041023}.Debug|Any CPU.ActiveCfg = Debug|Any CPU
		{94805720-8B60-49E4-AE52-CF3F5E041023}.Debug|Any CPU.Build.0 = Debug|Any CPU
		{94805720-8B60-49E4-AE52-CF3F5E041023}.Release|Any CPU.ActiveCfg = Release|Any CPU
		{94805720-8B60-49E4-AE52-CF3F5E041023}.Release|Any CPU.Build.0 = Release|Any CPU
		{94805720-8B60-49E4-AE52-CF3F5E041023}.Debug|iPhoneSimulator.ActiveCfg = Debug|Any CPU
		{94805720-8B60-49E4-AE52-CF3F5E041023}.Debug|iPhoneSimulator.Build.0 = Debug|Any CPU
		{94805720-8B60-49E4-AE52-CF3F5E041023}.Release|iPhone.ActiveCfg = Release|Any CPU
		{94805720-8B60-49E4-AE52-CF3F5E041023}.Release|iPhone.Build.0 = Release|Any CPU
		{94805720-8B60-49E4-AE52-CF3F5E041023}.Release|iPhoneSimulator.ActiveCfg = Release|Any CPU
		{94805720-8B60-49E4-AE52-CF3F5E041023}.Release|iPhoneSimulator.Build.0 = Release|Any CPU
		{94805720-8B60-49E4-AE52-CF3F5E041023}.Debug|iPhone.ActiveCfg = Debug|Any CPU
		{94805720-8B60-49E4-AE52-CF3F5E041023}.Debug|iPhone.Build.0 = Debug|Any CPU
		{2933D654-335E-4E10-BDF2-629E04A3E9F6}.Debug|Any CPU.ActiveCfg = Debug|iPhoneSimulator
		{2933D654-335E-4E10-BDF2-629E04A3E9F6}.Debug|Any CPU.Build.0 = Debug|iPhoneSimulator
		{2933D654-335E-4E10-BDF2-629E04A3E9F6}.Release|Any CPU.ActiveCfg = Release|iPhone
		{2933D654-335E-4E10-BDF2-629E04A3E9F6}.Release|Any CPU.Build.0 = Release|iPhone
		{2933D654-335E-4E10-BDF2-629E04A3E9F6}.Debug|iPhoneSimulator.ActiveCfg = Debug|iPhoneSimulator
		{2933D654-335E-4E10-BDF2-629E04A3E9F6}.Debug|iPhoneSimulator.Build.0 = Debug|iPhoneSimulator
		{2933D654-335E-4E10-BDF2-629E04A3E9F6}.Release|iPhone.ActiveCfg = Release|iPhone
		{2933D654-335E-4E10-BDF2-629E04A3E9F6}.Release|iPhone.Build.0 = Release|iPhone
		{2933D654-335E-4E10-BDF2-629E04A3E9F6}.Release|iPhoneSimulator.ActiveCfg = Release|iPhoneSimulator
		{2933D654-335E-4E10-BDF2-629E04A3E9F6}.Release|iPhoneSimulator.Build.0 = Release|iPhoneSimulator
		{2933D654-335E-4E10-BDF2-629E04A3E9F6}.Debug|iPhone.ActiveCfg = Debug|iPhone
		{2933D654-335E-4E10-BDF2-629E04A3E9F6}.Debug|iPhone.Build.0 = Debug|iPhone
		{3994CA41-9E54-4914-9CFE-F19821393022}.Debug|Any CPU.ActiveCfg = Debug|Any CPU
		{3994CA41-9E54-4914-9CFE-F19821393022}.Debug|Any CPU.Build.0 = Debug|Any CPU
		{3994CA41-9E54-4914-9CFE-F19821393022}.Release|Any CPU.ActiveCfg = Release|Any CPU
		{3994CA41-9E54-4914-9CFE-F19821393022}.Release|Any CPU.Build.0 = Release|Any CPU
		{3994CA41-9E54-4914-9CFE-F19821393022}.Debug|iPhoneSimulator.ActiveCfg = Debug|Any CPU
		{3994CA41-9E54-4914-9CFE-F19821393022}.Debug|iPhoneSimulator.Build.0 = Debug|Any CPU
		{3994CA41-9E54-4914-9CFE-F19821393022}.Release|iPhone.ActiveCfg = Release|Any CPU
		{3994CA41-9E54-4914-9CFE-F19821393022}.Release|iPhone.Build.0 = Release|Any CPU
		{3994CA41-9E54-4914-9CFE-F19821393022}.Release|iPhoneSimulator.ActiveCfg = Release|Any CPU
		{3994CA41-9E54-4914-9CFE-F19821393022}.Release|iPhoneSimulator.Build.0 = Release|Any CPU
		{3994CA41-9E54-4914-9CFE-F19821393022}.Debug|iPhone.ActiveCfg = Debug|Any CPU
		{3994CA41-9E54-4914-9CFE-F19821393022}.Debug|iPhone.Build.0 = Debug|Any CPU
	EndGlobalSection
EndGlobal
